
Microsoft Visual Studio Solution File, Format Version 12.00
# Visual Studio Version 17
VisualStudioVersion = 17.5.33414.496
MinimumVisualStudioVersion = 10.0.40219.1
Project("{FAE04EC0-301F-11D3-BF4B-00C04F79EFBC}") = "Card Shuffle", "Card Shuffle\Card Shuffle.csproj", "{2CA0F9DA-883D-4CFC-894A-16F3F543B03A}"
EndProject
Global
	GlobalSection(SolutionConfigurationPlatforms) = preSolution
		Debug|Any CPU = Debug|Any CPU
		Release|Any CPU = Release|Any CPU
	EndGlobalSection
	GlobalSection(ProjectConfigurationPlatforms) = postSolution
		{2CA0F9DA-883D-4CFC-894A-16F3F543B03A}.Debug|Any CPU.ActiveCfg = Debug|Any CPU
		{2CA0F9DA-883D-4CFC-894A-16F3F543B03A}.Debug|Any CPU.Build.0 = Debug|Any CPU
		{2CA0F9DA-883D-4CFC-894A-16F3F543B03A}.Release|Any CPU.ActiveCfg = Release|Any CPU
		{2CA0F9DA-883D-4CFC-894A-16F3F543B03A}.Release|Any CPU.Build.0 = Release|Any CPU
	EndGlobalSection
	GlobalSection(SolutionProperties) = preSolution
		HideSolutionNode = FALSE
	EndGlobalSection
	GlobalSection(ExtensibilityGlobals) = postSolution
		SolutionGuid = {B0144A53-AA3B-41BD-93CB-78D5995747CE}
	EndGlobalSection
EndGlobal
